
Microsoft Visual Studio Solution File, Format Version 12.00
# Visual Studio Version 17
VisualStudioVersion = 17.5.33424.131
MinimumVisualStudioVersion = 10.0.40219.1
Project("{FAE04EC0-301F-11D3-BF4B-00C04F79EFBC}") = "Uniza.Namedays", "Uniza.Namedays\Uniza.Namedays.csproj", "{6BC986DC-8B64-4D4E-94B6-D1F3E0951DB3}"
EndProject
Project("{FAE04EC0-301F-11D3-BF4B-00C04F79EFBC}") = "Uniza.Namedays.ViewerConsoleApp", "Uniza.Namedays.ViewerConsoleApp\Uniza.Namedays.ViewerConsoleApp.csproj", "{22DCA889-F134-498A-BB01-AF483312A326}"
EndProject
Global
	GlobalSection(SolutionConfigurationPlatforms) = preSolution
		Debug|Any CPU = Debug|Any CPU
		Release|Any CPU = Release|Any CPU
	EndGlobalSection
	GlobalSection(ProjectConfigurationPlatforms) = postSolution
		{6BC986DC-8B64-4D4E-94B6-D1F3E0951DB3}.Debug|Any CPU.ActiveCfg = Debug|Any CPU
		{6BC986DC-8B64-4D4E-94B6-D1F3E0951DB3}.Debug|Any CPU.Build.0 = Debug|Any CPU
		{6BC986DC-8B64-4D4E-94B6-D1F3E0951DB3}.Release|Any CPU.ActiveCfg = Release|Any CPU
		{6BC986DC-8B64-4D4E-94B6-D1F3E0951DB3}.Release|Any CPU.Build.0 = Release|Any CPU
		{22DCA889-F134-498A-BB01-AF483312A326}.Debug|Any CPU.ActiveCfg = Debug|Any CPU
		{22DCA889-F134-498A-BB01-AF483312A326}.Debug|Any CPU.Build.0 = Debug|Any CPU
		{22DCA889-F134-498A-BB01-AF483312A326}.Release|Any CPU.ActiveCfg = Release|Any CPU
		{22DCA889-F134-498A-BB01-AF483312A326}.Release|Any CPU.Build.0 = Release|Any CPU
	EndGlobalSection
	GlobalSection(SolutionProperties) = preSolution
		HideSolutionNode = FALSE
	EndGlobalSection
	GlobalSection(ExtensibilityGlobals) = postSolution
		SolutionGuid = {B8A0C98F-3921-42A4-A751-F458D1A013BF}
	EndGlobalSection
EndGlobal
